// !$*UTF8*$!
{
	archiveVersion = 1;
	classes = {
	};
	objectVersion = 46;
	objects = {

/* Begin PBXBuildFile section */
		926ACEDA1E87FCFB00ABE0BF /* Person.m in Sources */ = {isa = PBXBuildFile; fileRef = 926ACED91E87FCFB00ABE0BF /* Person.m */; };
		9282F77D1E875A3600A3FE6F /* Animals.m in Sources */ = {isa = PBXBuildFile; fileRef = 9282F77C1E875A3600A3FE6F /* Animals.m */; };
		9282F7801E875A4900A3FE6F /* Dog.m in Sources */ = {isa = PBXBuildFile; fileRef = 9282F77F1E875A4900A3FE6F /* Dog.m */; };
		9282F7831E875A6300A3FE6F /* Cat.m in Sources */ = {isa = PBXBuildFile; fileRef = 9282F7821E875A6300A3FE6F /* Cat.m */; };
		9293441B1E87575600300678 /* main.m in Sources */ = {isa = PBXBuildFile; fileRef = 9293441A1E87575600300678 /* main.m */; };
/* End PBXBuildFile section */

/* Begin PBXCopyFilesBuildPhase section */
		929344151E87575500300678 /* CopyFiles */ = {
			isa = PBXCopyFilesBuildPhase;
			buildActionMask = 2147483647;
			dstPath = /usr/share/man/man1/;
			dstSubfolderSpec = 0;
			files = (
			);
			runOnlyForDeploymentPostprocessing = 1;
		};
/* End PBXCopyFilesBuildPhase section */

/* Begin PBXFileReference section */
		926ACED81E87FCFB00ABE0BF /* Person.h */ = {isa = PBXFileReference; fileEncoding = 4; lastKnownFileType = sourcecode.c.h; name = Person.h; path = Person/Person.h; sourceTree = "<group>"; };
		926ACED91E87FCFB00ABE0BF /* Person.m */ = {isa = PBXFileReference; fileEncoding = 4; lastKnownFileType = sourcecode.c.objc; name = Person.m; path = Person/Person.m; sourceTree = "<group>"; };
		9282F77B1E875A3600A3FE6F /* Animals.h */ = {isa = PBXFileReference; fileEncoding = 4; lastKnownFileType = sourcecode.c.h; path = Animals.h; sourceTree = "<group>"; };
		9282F77C1E875A3600A3FE6F /* Animals.m */ = {isa = PBXFileReference; fileEncoding = 4; lastKnownFileType = sourcecode.c.objc; path = Animals.m; sourceTree = "<group>"; };
		9282F77E1E875A4900A3FE6F /* Dog.h */ = {isa = PBXFileReference; fileEncoding = 4; lastKnownFileType = sourcecode.c.h; path = Dog.h; sourceTree = "<group>"; };
		9282F77F1E875A4900A3FE6F /* Dog.m */ = {isa = PBXFileReference; fileEncoding = 4; lastKnownFileType = sourcecode.c.objc; path = Dog.m; sourceTree = "<group>"; };
		9282F7811E875A6300A3FE6F /* Cat.h */ = {isa = PBXFileReference; fileEncoding = 4; lastKnownFileType = sourcecode.c.h; path = Cat.h; sourceTree = "<group>"; };
		9282F7821E875A6300A3FE6F /* Cat.m */ = {isa = PBXFileReference; fileEncoding = 4; lastKnownFileType = sourcecode.c.objc; path = Cat.m; sourceTree = "<group>"; };
		929344171E87575600300678 /* Animals */ = {isa = PBXFileReference; explicitFileType = "compiled.mach-o.executable"; includeInIndex = 0; path = Animals; sourceTree = BUILT_PRODUCTS_DIR; };
		9293441A1E87575600300678 /* main.m */ = {isa = PBXFileReference; lastKnownFileType = sourcecode.c.objc; path = main.m; sourceTree = "<group>"; };
/* End PBXFileReference section */

/* Begin PBXFrameworksBuildPhase section */
		929344141E87575500300678 /* Frameworks */ = {
			isa = PBXFrameworksBuildPhase;
			buildActionMask = 2147483647;
			files = (
			);
			runOnlyForDeploymentPostprocessing = 0;
		};
/* End PBXFrameworksBuildPhase section */

/* Begin PBXGroup section */
		92208FE21E87D925001AD6AB /* Person */ = {
			isa = PBXGroup;
			children = (
				926ACED81E87FCFB00ABE0BF /* Person.h */,
				926ACED91E87FCFB00ABE0BF /* Person.m */,
			);
			name = Person;
			sourceTree = "<group>";
		};
		9293440E1E87575500300678 = {
			isa = PBXGroup;
			children = (
				92208FE21E87D925001AD6AB /* Person */,
				929344191E87575600300678 /* Animals */,
				929344181E87575600300678 /* Products */,
			);
			sourceTree = "<group>";
		};
		929344181E87575600300678 /* Products */ = {
			isa = PBXGroup;
			children = (
				929344171E87575600300678 /* Animals */,
			);
			name = Products;
			sourceTree = "<group>";
		};
		929344191E87575600300678 /* Animals */ = {
			isa = PBXGroup;
			children = (
				9293441A1E87575600300678 /* main.m */,
				9282F77C1E875A3600A3FE6F /* Animals.m */,
				9282F77B1E875A3600A3FE6F /* Animals.h */,
				9282F77E1E875A4900A3FE6F /* Dog.h */,
				9282F77F1E875A4900A3FE6F /* Dog.m */,
				9282F7811E875A6300A3FE6F /* Cat.h */,
				9282F7821E875A6300A3FE6F /* Cat.m */,
			);
			path = Animals;
			sourceTree = "<group>";
		};
/* End PBXGroup section */

/* Begin PBXNativeTarget section */
		929344161E87575500300678 /* Animals */ = {
			isa = PBXNativeTarget;
			buildConfigurationList = 9293441E1E87575600300678 /* Build configuration list for PBXNativeTarget "Animals" */;
			buildPhases = (
				929344131E87575500300678 /* Sources */,
				929344141E87575500300678 /* Frameworks */,
				929344151E87575500300678 /* CopyFiles */,
			);
			buildRules = (
			);
			dependencies = (
			);
			name = Animals;
			productName = Animals;
			productReference = 929344171E87575600300678 /* Animals */;
			productType = "com.apple.product-type.tool";
		};
/* End PBXNativeTarget section */

/* Begin PBXProject section */
		9293440F1E87575500300678 /* Project object */ = {
			isa = PBXProject;
			attributes = {
				LastUpgradeCheck = 0810;
				ORGANIZATIONNAME = AnthonyZhai;
				TargetAttributes = {
					929344161E87575500300678 = {
						CreatedOnToolsVersion = 8.1;
						ProvisioningStyle = Automatic;
					};
				};
			};
			buildConfigurationList = 929344121E87575500300678 /* Build configuration list for PBXProject "Animals" */;
			compatibilityVersion = "Xcode 3.2";
			developmentRegion = English;
			hasScannedForEncodings = 0;
			knownRegions = (
				en,
			);
			mainGroup = 9293440E1E87575500300678;
			productRefGroup = 929344181E87575600300678 /* Products */;
			projectDirPath = "";
			projectRoot = "";
			targets = (
				929344161E87575500300678 /* Animals */,
			);
		};
/* End PBXProject section */

/* Begin PBXSourcesBuildPhase section */
		929344131E87575500300678 /* Sources */ = {
			isa = PBXSourcesBuildPhase;
			buildActionMask = 2147483647;
			files = (
				9282F7831E875A6300A3FE6F /* Cat.m in Sources */,
				9282F7801E875A4900A3FE6F /* Dog.m in Sources */,
				926ACEDA1E87FCFB00ABE0BF /* Person.m in Sources */,
				9293441B1E87575600300678 /* main.m in Sources */,
				9282F77D1E875A3600A3FE6F /* Animals.m in Sources */,
			);
			runOnlyForDeploymentPostprocessing = 0;
		};
/* End PBXSourcesBuildPhase section */

/* Begin XCBuildConfiguration section */
		9293441C1E87575600300678 /* Debug */ = {
			isa = XCBuildConfiguration;
			buildSettings = {
				ALWAYS_SEARCH_USER_PATHS = NO;
				CLANG_ANALYZER_NONNULL = YES;
				CLANG_CXX_LANGUAGE_STANDARD = "gnu++0x";
				CLANG_CXX_LIBRARY = "libc++";
				CLANG_ENABLE_MODULES = YES;
				CLANG_ENABLE_OBJC_ARC = YES;
				CLANG_WARN_BOOL_CONVERSION = YES;
				CLANG_WARN_CONSTANT_CONVERSION = YES;
				CLANG_WARN_DIRECT_OBJC_ISA_USAGE = YES_ERROR;
				CLANG_WARN_DOCUMENTATION_COMMENTS = YES;
				CLANG_WARN_EMPTY_BODY = YES;
				CLANG_WARN_ENUM_CONVERSION = YES;
				CLANG_WARN_INFINITE_RECURSION = YES;
				CLANG_WARN_INT_CONVERSION = YES;
				CLANG_WARN_OBJC_ROOT_CLASS = YES_ERROR;
				CLANG_WARN_SUSPICIOUS_MOVES = YES;
				CLANG_WARN_UNREACHABLE_CODE = YES;
				CLANG_WARN__DUPLICATE_METHOD_MATCH = YES;
				CODE_SIGN_IDENTITY = "-";
				COPY_PHASE_STRIP = NO;
				DEBUG_INFORMATION_FORMAT = dwarf;
				ENABLE_STRICT_OBJC_MSGSEND = YES;
				ENABLE_TESTABILITY = YES;
				GCC_C_LANGUAGE_STANDARD = gnu99;
				GCC_DYNAMIC_NO_PIC = NO;
				GCC_NO_COMMON_BLOCKS = YES;
				GCC_OPTIMIZATION_LEVEL = 0;
				GCC_PREPROCESSOR_DEFINITIONS = (
					"DEBUG=1",
					"$(inherited)",
				);
				GCC_WARN_64_TO_32_BIT_CONVERSION = YES;
				GCC_WARN_ABOUT_RETURN_TYPE = YES_ERROR;
				GCC_WARN_UNDECLARED_SELECTOR = YES;
				GCC_WARN_UNINITIALIZED_AUTOS = YES_AGGRESSIVE;
				GCC_WARN_UNUSED_FUNCTION = YES;
				GCC_WARN_UNUSED_VARIABLE = YES;
				MACOSX_DEPLOYMENT_TARGET = 10.12;
				MTL_ENABLE_DEBUG_INFO = YES;
				ONLY_ACTIVE_ARCH = YES;
				SDKROOT = macosx;
			};
			name = Debug;
		};
		9293441D1E87575600300678 /* Release */ = {
			isa = XCBuildConfiguration;
			buildSettings = {
				ALWAYS_SEARCH_USER_PATHS = NO;
				CLANG_ANALYZER_NONNULL = YES;
				CLANG_CXX_LANGUAGE_STANDARD = "gnu++0x";
				CLANG_CXX_LIBRARY = "libc++";
				CLANG_ENABLE_MODULES = YES;
				CLANG_ENABLE_OBJC_ARC = YES;
				CLANG_WARN_BOOL_CONVERSION = YES;
				CLANG_WARN_CONSTANT_CONVERSION = YES;
				CLANG_WARN_DIRECT_OBJC_ISA_USAGE = YES_ERROR;
				CLANG_WARN_DOCUMENTATION_COMMENTS = YES;
				CLANG_WARN_EMPTY_BODY = YES;
				CLANG_WARN_ENUM_CONVERSION = YES;
				CLANG_WARN_INFINITE_RECURSION = YES;
				CLANG_WARN_INT_CONVERSION = YES;
				CLANG_WARN_OBJC_ROOT_CLASS = YES_ERROR;
				CLANG_WARN_SUSPICIOUS_MOVES = YES;
				CLANG_WARN_UNREACHABLE_CODE = YES;
				CLANG_WARN__DUPLICATE_METHOD_MATCH = YES;
				CODE_SIGN_IDENTITY = "-";
				COPY_PHASE_STRIP = NO;
				DEBUG_INFORMATION_FORMAT = "dwarf-with-dsym";
				ENABLE_NS_ASSERTIONS = NO;
				ENABLE_STRICT_OBJC_MSGSEND = YES;
				GCC_C_LANGUAGE_STANDARD = gnu99;
				GCC_NO_COMMON_BLOCKS = YES;
				GCC_WARN_64_TO_32_BIT_CONVERSION = YES;
				GCC_WARN_ABOUT_RETURN_TYPE = YES_ERROR;
				GCC_WARN_UNDECLARED_SELECTOR = YES;
				GCC_WARN_UNINITIALIZED_AUTOS = YES_AGGRESSIVE;
				GCC_WARN_UNUSED_FUNCTION = YES;
				GCC_WARN_UNUSED_VARIABLE = YES;
				MACOSX_DEPLOYMENT_TARGET = 10.12;
				MTL_ENABLE_DEBUG_INFO = NO;
				SDKROOT = macosx;
			};
			name = Release;
		};
		9293441F1E87575600300678 /* Debug */ = {
			isa = XCBuildConfiguration;
			buildSettings = {
				PRODUCT_NAME = "$(TARGET_NAME)";
			};
			name = Debug;
		};
		929344201E87575600300678 /* Release */ = {
			isa = XCBuildConfiguration;
			buildSettings = {
				PRODUCT_NAME = "$(TARGET_NAME)";
			};
			name = Release;
		};
/* End XCBuildConfiguration section */

/* Begin XCConfigurationList section */
		929344121E87575500300678 /* Build configuration list for PBXProject "Animals" */ = {
			isa = XCConfigurationList;
			buildConfigurations = (
				9293441C1E87575600300678 /* Debug */,
				9293441D1E87575600300678 /* Release */,
			);
			defaultConfigurationIsVisible = 0;
			defaultConfigurationName = Release;
		};
		9293441E1E87575600300678 /* Build configuration list for PBXNativeTarget "Animals" */ = {
			isa = XCConfigurationList;
			buildConfigurations = (
				9293441F1E87575600300678 /* Debug */,
				929344201E87575600300678 /* Release */,
			);
			defaultConfigurationIsVisible = 0;
			defaultConfigurationName = Release;
		};
/* End XCConfigurationList section */
	};
	rootObject = 9293440F1E87575500300678 /* Project object */;
}
