// !$*UTF8*$!
{
	archiveVersion = 1;
	classes = {
	};
	objectVersion = 46;
	objects = {

/* Begin PBXBuildFile section */
		926578421E6EE7540015FDA4 /* main.m in Sources */ = {isa = PBXBuildFile; fileRef = 9265783F1E6EE7540015FDA4 /* main.m */; };
		926578431E6EE7540015FDA4 /* myFirstOCClass.m in Sources */ = {isa = PBXBuildFile; fileRef = 926578411E6EE7540015FDA4 /* myFirstOCClass.m */; };
/* End PBXBuildFile section */

/* Begin PBXCopyFilesBuildPhase section */
		920860CA1E6EE60300E5C995 /* CopyFiles */ = {
			isa = PBXCopyFilesBuildPhase;
			buildActionMask = 2147483647;
			dstPath = /usr/share/man/man1/;
			dstSubfolderSpec = 0;
			files = (
			);
			runOnlyForDeploymentPostprocessing = 1;
		};
/* End PBXCopyFilesBuildPhase section */

/* Begin PBXFileReference section */
		920860CC1E6EE60300E5C995 /* myFirstOCClass */ = {isa = PBXFileReference; explicitFileType = "compiled.mach-o.executable"; includeInIndex = 0; path = myFirstOCClass; sourceTree = BUILT_PRODUCTS_DIR; };
		9265783F1E6EE7540015FDA4 /* main.m */ = {isa = PBXFileReference; fileEncoding = 4; lastKnownFileType = sourcecode.c.objc; path = main.m; sourceTree = SOURCE_ROOT; };
		926578401E6EE7540015FDA4 /* myFirstOCClass.h */ = {isa = PBXFileReference; fileEncoding = 4; lastKnownFileType = sourcecode.c.h; path = myFirstOCClass.h; sourceTree = SOURCE_ROOT; };
		926578411E6EE7540015FDA4 /* myFirstOCClass.m */ = {isa = PBXFileReference; fileEncoding = 4; lastKnownFileType = sourcecode.c.objc; path = myFirstOCClass.m; sourceTree = SOURCE_ROOT; };
/* End PBXFileReference section */

/* Begin PBXFrameworksBuildPhase section */
		920860C91E6EE60300E5C995 /* Frameworks */ = {
			isa = PBXFrameworksBuildPhase;
			buildActionMask = 2147483647;
			files = (
			);
			runOnlyForDeploymentPostprocessing = 0;
		};
/* End PBXFrameworksBuildPhase section */

/* Begin PBXGroup section */
		920860C31E6EE60200E5C995 = {
			isa = PBXGroup;
			children = (
				920860CE1E6EE60300E5C995 /* myFirstOCClass */,
				920860CD1E6EE60300E5C995 /* Products */,
			);
			sourceTree = "<group>";
		};
		920860CD1E6EE60300E5C995 /* Products */ = {
			isa = PBXGroup;
			children = (
				920860CC1E6EE60300E5C995 /* myFirstOCClass */,
			);
			name = Products;
			sourceTree = "<group>";
		};
		920860CE1E6EE60300E5C995 /* myFirstOCClass */ = {
			isa = PBXGroup;
			children = (
				9265783F1E6EE7540015FDA4 /* main.m */,
				926578401E6EE7540015FDA4 /* myFirstOCClass.h */,
				926578411E6EE7540015FDA4 /* myFirstOCClass.m */,
			);
			path = myFirstOCClass;
			sourceTree = "<group>";
		};
/* End PBXGroup section */

/* Begin PBXNativeTarget section */
		920860CB1E6EE60300E5C995 /* myFirstOCClass */ = {
			isa = PBXNativeTarget;
			buildConfigurationList = 920860D31E6EE60300E5C995 /* Build configuration list for PBXNativeTarget "myFirstOCClass" */;
			buildPhases = (
				920860C81E6EE60300E5C995 /* Sources */,
				920860C91E6EE60300E5C995 /* Frameworks */,
				920860CA1E6EE60300E5C995 /* CopyFiles */,
			);
			buildRules = (
			);
			dependencies = (
			);
			name = myFirstOCClass;
			productName = myFirstOCClass;
			productReference = 920860CC1E6EE60300E5C995 /* myFirstOCClass */;
			productType = "com.apple.product-type.tool";
		};
/* End PBXNativeTarget section */

/* Begin PBXProject section */
		920860C41E6EE60200E5C995 /* Project object */ = {
			isa = PBXProject;
			attributes = {
				LastUpgradeCheck = 0810;
				ORGANIZATIONNAME = AnthonyZhai;
				TargetAttributes = {
					920860CB1E6EE60300E5C995 = {
						CreatedOnToolsVersion = 8.1;
						ProvisioningStyle = Automatic;
					};
				};
			};
			buildConfigurationList = 920860C71E6EE60300E5C995 /* Build configuration list for PBXProject "myFirstOCClass" */;
			compatibilityVersion = "Xcode 3.2";
			developmentRegion = English;
			hasScannedForEncodings = 0;
			knownRegions = (
				en,
			);
			mainGroup = 920860C31E6EE60200E5C995;
			productRefGroup = 920860CD1E6EE60300E5C995 /* Products */;
			projectDirPath = "";
			projectRoot = "";
			targets = (
				920860CB1E6EE60300E5C995 /* myFirstOCClass */,
			);
		};
/* End PBXProject section */

/* Begin PBXSourcesBuildPhase section */
		920860C81E6EE60300E5C995 /* Sources */ = {
			isa = PBXSourcesBuildPhase;
			buildActionMask = 2147483647;
			files = (
				926578421E6EE7540015FDA4 /* main.m in Sources */,
				926578431E6EE7540015FDA4 /* myFirstOCClass.m in Sources */,
			);
			runOnlyForDeploymentPostprocessing = 0;
		};
/* End PBXSourcesBuildPhase section */

/* Begin XCBuildConfiguration section */
		920860D11E6EE60300E5C995 /* Debug */ = {
			isa = XCBuildConfiguration;
			buildSettings = {
				ALWAYS_SEARCH_USER_PATHS = NO;
				CLANG_ANALYZER_NONNULL = YES;
				CLANG_CXX_LANGUAGE_STANDARD = "gnu++0x";
				CLANG_CXX_LIBRARY = "libc++";
				CLANG_ENABLE_MODULES = YES;
				CLANG_ENABLE_OBJC_ARC = YES;
				CLANG_WARN_BOOL_CONVERSION = YES;
				CLANG_WARN_CONSTANT_CONVERSION = YES;
				CLANG_WARN_DIRECT_OBJC_ISA_USAGE = YES_ERROR;
				CLANG_WARN_DOCUMENTATION_COMMENTS = YES;
				CLANG_WARN_EMPTY_BODY = YES;
				CLANG_WARN_ENUM_CONVERSION = YES;
				CLANG_WARN_INFINITE_RECURSION = YES;
				CLANG_WARN_INT_CONVERSION = YES;
				CLANG_WARN_OBJC_ROOT_CLASS = YES_ERROR;
				CLANG_WARN_SUSPICIOUS_MOVES = YES;
				CLANG_WARN_UNREACHABLE_CODE = YES;
				CLANG_WARN__DUPLICATE_METHOD_MATCH = YES;
				CODE_SIGN_IDENTITY = "-";
				COPY_PHASE_STRIP = NO;
				DEBUG_INFORMATION_FORMAT = dwarf;
				ENABLE_STRICT_OBJC_MSGSEND = YES;
				ENABLE_TESTABILITY = YES;
				GCC_C_LANGUAGE_STANDARD = gnu99;
				GCC_DYNAMIC_NO_PIC = NO;
				GCC_NO_COMMON_BLOCKS = YES;
				GCC_OPTIMIZATION_LEVEL = 0;
				GCC_PREPROCESSOR_DEFINITIONS = (
					"DEBUG=1",
					"$(inherited)",
				);
				GCC_WARN_64_TO_32_BIT_CONVERSION = YES;
				GCC_WARN_ABOUT_RETURN_TYPE = YES_ERROR;
				GCC_WARN_UNDECLARED_SELECTOR = YES;
				GCC_WARN_UNINITIALIZED_AUTOS = YES_AGGRESSIVE;
				GCC_WARN_UNUSED_FUNCTION = YES;
				GCC_WARN_UNUSED_VARIABLE = YES;
				MACOSX_DEPLOYMENT_TARGET = 10.12;
				MTL_ENABLE_DEBUG_INFO = YES;
				ONLY_ACTIVE_ARCH = YES;
				SDKROOT = macosx;
			};
			name = Debug;
		};
		920860D21E6EE60300E5C995 /* Release */ = {
			isa = XCBuildConfiguration;
			buildSettings = {
				ALWAYS_SEARCH_USER_PATHS = NO;
				CLANG_ANALYZER_NONNULL = YES;
				CLANG_CXX_LANGUAGE_STANDARD = "gnu++0x";
				CLANG_CXX_LIBRARY = "libc++";
				CLANG_ENABLE_MODULES = YES;
				CLANG_ENABLE_OBJC_ARC = YES;
				CLANG_WARN_BOOL_CONVERSION = YES;
				CLANG_WARN_CONSTANT_CONVERSION = YES;
				CLANG_WARN_DIRECT_OBJC_ISA_USAGE = YES_ERROR;
				CLANG_WARN_DOCUMENTATION_COMMENTS = YES;
				CLANG_WARN_EMPTY_BODY = YES;
				CLANG_WARN_ENUM_CONVERSION = YES;
				CLANG_WARN_INFINITE_RECURSION = YES;
				CLANG_WARN_INT_CONVERSION = YES;
				CLANG_WARN_OBJC_ROOT_CLASS = YES_ERROR;
				CLANG_WARN_SUSPICIOUS_MOVES = YES;
				CLANG_WARN_UNREACHABLE_CODE = YES;
				CLANG_WARN__DUPLICATE_METHOD_MATCH = YES;
				CODE_SIGN_IDENTITY = "-";
				COPY_PHASE_STRIP = NO;
				DEBUG_INFORMATION_FORMAT = "dwarf-with-dsym";
				ENABLE_NS_ASSERTIONS = NO;
				ENABLE_STRICT_OBJC_MSGSEND = YES;
				GCC_C_LANGUAGE_STANDARD = gnu99;
				GCC_NO_COMMON_BLOCKS = YES;
				GCC_WARN_64_TO_32_BIT_CONVERSION = YES;
				GCC_WARN_ABOUT_RETURN_TYPE = YES_ERROR;
				GCC_WARN_UNDECLARED_SELECTOR = YES;
				GCC_WARN_UNINITIALIZED_AUTOS = YES_AGGRESSIVE;
				GCC_WARN_UNUSED_FUNCTION = YES;
				GCC_WARN_UNUSED_VARIABLE = YES;
				MACOSX_DEPLOYMENT_TARGET = 10.12;
				MTL_ENABLE_DEBUG_INFO = NO;
				SDKROOT = macosx;
			};
			name = Release;
		};
		920860D41E6EE60300E5C995 /* Debug */ = {
			isa = XCBuildConfiguration;
			buildSettings = {
				PRODUCT_NAME = "$(TARGET_NAME)";
			};
			name = Debug;
		};
		920860D51E6EE60300E5C995 /* Release */ = {
			isa = XCBuildConfiguration;
			buildSettings = {
				PRODUCT_NAME = "$(TARGET_NAME)";
			};
			name = Release;
		};
/* End XCBuildConfiguration section */

/* Begin XCConfigurationList section */
		920860C71E6EE60300E5C995 /* Build configuration list for PBXProject "myFirstOCClass" */ = {
			isa = XCConfigurationList;
			buildConfigurations = (
				920860D11E6EE60300E5C995 /* Debug */,
				920860D21E6EE60300E5C995 /* Release */,
			);
			defaultConfigurationIsVisible = 0;
			defaultConfigurationName = Release;
		};
		920860D31E6EE60300E5C995 /* Build configuration list for PBXNativeTarget "myFirstOCClass" */ = {
			isa = XCConfigurationList;
			buildConfigurations = (
				920860D41E6EE60300E5C995 /* Debug */,
				920860D51E6EE60300E5C995 /* Release */,
			);
			defaultConfigurationIsVisible = 0;
			defaultConfigurationName = Release;
		};
/* End XCConfigurationList section */
	};
	rootObject = 920860C41E6EE60200E5C995 /* Project object */;
}
